// !$*UTF8*$!
{
	archiveVersion = 1;
	classes = {
	};
	objectVersion = 55;
	objects = {

/* Begin PBXBuildFile section */
		6C8F9BF228759D3F0056AC98 /* AppDelegate.swift in Sources */ = {isa = PBXBuildFile; fileRef = 6C8F9BF128759D3F0056AC98 /* AppDelegate.swift */; };
		6C8F9BF428759D3F0056AC98 /* SceneDelegate.swift in Sources */ = {isa = PBXBuildFile; fileRef = 6C8F9BF328759D3F0056AC98 /* SceneDelegate.swift */; };
		6C8F9BFB28759D410056AC98 /* Assets.xcassets in Resources */ = {isa = PBXBuildFile; fileRef = 6C8F9BFA28759D410056AC98 /* Assets.xcassets */; };
		6C8F9BFE28759D410056AC98 /* LaunchScreen.storyboard in Resources */ = {isa = PBXBuildFile; fileRef = 6C8F9BFC28759D410056AC98 /* LaunchScreen.storyboard */; };
		6C8F9C272875F87E0056AC98 /* MainScreenFactory.swift in Sources */ = {isa = PBXBuildFile; fileRef = 6C8F9C222875F87E0056AC98 /* MainScreenFactory.swift */; };
		6C8F9C282875F87E0056AC98 /* MainScreenViewController.swift in Sources */ = {isa = PBXBuildFile; fileRef = 6C8F9C232875F87E0056AC98 /* MainScreenViewController.swift */; };
		6C8F9C292875F87E0056AC98 /* MainScreenAssembly.swift in Sources */ = {isa = PBXBuildFile; fileRef = 6C8F9C242875F87E0056AC98 /* MainScreenAssembly.swift */; };
		6C8F9C2A2875F87E0056AC98 /* MainScreenInteractor.swift in Sources */ = {isa = PBXBuildFile; fileRef = 6C8F9C252875F87E0056AC98 /* MainScreenInteractor.swift */; };
		6C8F9C2B2875F87E0056AC98 /* MainScreenView.swift in Sources */ = {isa = PBXBuildFile; fileRef = 6C8F9C262875F87E0056AC98 /* MainScreenView.swift */; };
		6C8F9C342875F92D0056AC98 /* MainScreenCoordinator.swift in Sources */ = {isa = PBXBuildFile; fileRef = 6C8F9C312875F92D0056AC98 /* MainScreenCoordinator.swift */; };
		6C8F9C352875F92D0056AC98 /* RootCoordinator.swift in Sources */ = {isa = PBXBuildFile; fileRef = 6C8F9C322875F92D0056AC98 /* RootCoordinator.swift */; };
		6C8F9C362875F92D0056AC98 /* Coordinator.swift in Sources */ = {isa = PBXBuildFile; fileRef = 6C8F9C332875F92D0056AC98 /* Coordinator.swift */; };
		6C8F9C392875FA380056AC98 /* MainScreenCollectionViewCell.swift in Sources */ = {isa = PBXBuildFile; fileRef = 6C8F9C382875FA380056AC98 /* MainScreenCollectionViewCell.swift */; };
		6C8F9C3C2875FD380056AC98 /* MainScreenCellModel.swift in Sources */ = {isa = PBXBuildFile; fileRef = 6C8F9C3B2875FD380056AC98 /* MainScreenCellModel.swift */; };
		6C8F9C3E2875FD810056AC98 /* MainScreenCellStyle.swift in Sources */ = {isa = PBXBuildFile; fileRef = 6C8F9C3D2875FD810056AC98 /* MainScreenCellStyle.swift */; };
/* End PBXBuildFile section */

/* Begin PBXFileReference section */
		6C8F9BEE28759D3F0056AC98 /* Numbers.app */ = {isa = PBXFileReference; explicitFileType = wrapper.application; includeInIndex = 0; path = Numbers.app; sourceTree = BUILT_PRODUCTS_DIR; };
		6C8F9BF128759D3F0056AC98 /* AppDelegate.swift */ = {isa = PBXFileReference; lastKnownFileType = sourcecode.swift; path = AppDelegate.swift; sourceTree = "<group>"; };
		6C8F9BF328759D3F0056AC98 /* SceneDelegate.swift */ = {isa = PBXFileReference; lastKnownFileType = sourcecode.swift; path = SceneDelegate.swift; sourceTree = "<group>"; };
		6C8F9BFA28759D410056AC98 /* Assets.xcassets */ = {isa = PBXFileReference; lastKnownFileType = folder.assetcatalog; path = Assets.xcassets; sourceTree = "<group>"; };
		6C8F9BFD28759D410056AC98 /* Base */ = {isa = PBXFileReference; lastKnownFileType = file.storyboard; name = Base; path = Base.lproj/LaunchScreen.storyboard; sourceTree = "<group>"; };
		6C8F9BFF28759D410056AC98 /* Info.plist */ = {isa = PBXFileReference; lastKnownFileType = text.plist.xml; path = Info.plist; sourceTree = "<group>"; };
		6C8F9C222875F87E0056AC98 /* MainScreenFactory.swift */ = {isa = PBXFileReference; lastKnownFileType = sourcecode.swift; path = MainScreenFactory.swift; sourceTree = "<group>"; };
		6C8F9C232875F87E0056AC98 /* MainScreenViewController.swift */ = {isa = PBXFileReference; lastKnownFileType = sourcecode.swift; path = MainScreenViewController.swift; sourceTree = "<group>"; };
		6C8F9C242875F87E0056AC98 /* MainScreenAssembly.swift */ = {isa = PBXFileReference; lastKnownFileType = sourcecode.swift; path = MainScreenAssembly.swift; sourceTree = "<group>"; };
		6C8F9C252875F87E0056AC98 /* MainScreenInteractor.swift */ = {isa = PBXFileReference; lastKnownFileType = sourcecode.swift; path = MainScreenInteractor.swift; sourceTree = "<group>"; };
		6C8F9C262875F87E0056AC98 /* MainScreenView.swift */ = {isa = PBXFileReference; lastKnownFileType = sourcecode.swift; path = MainScreenView.swift; sourceTree = "<group>"; };
		6C8F9C312875F92D0056AC98 /* MainScreenCoordinator.swift */ = {isa = PBXFileReference; lastKnownFileType = sourcecode.swift; path = MainScreenCoordinator.swift; sourceTree = "<group>"; };
		6C8F9C322875F92D0056AC98 /* RootCoordinator.swift */ = {isa = PBXFileReference; lastKnownFileType = sourcecode.swift; path = RootCoordinator.swift; sourceTree = "<group>"; };
		6C8F9C332875F92D0056AC98 /* Coordinator.swift */ = {isa = PBXFileReference; lastKnownFileType = sourcecode.swift; path = Coordinator.swift; sourceTree = "<group>"; };
		6C8F9C382875FA380056AC98 /* MainScreenCollectionViewCell.swift */ = {isa = PBXFileReference; lastKnownFileType = sourcecode.swift; path = MainScreenCollectionViewCell.swift; sourceTree = "<group>"; };
		6C8F9C3B2875FD380056AC98 /* MainScreenCellModel.swift */ = {isa = PBXFileReference; lastKnownFileType = sourcecode.swift; path = MainScreenCellModel.swift; sourceTree = "<group>"; };
		6C8F9C3D2875FD810056AC98 /* MainScreenCellStyle.swift */ = {isa = PBXFileReference; lastKnownFileType = sourcecode.swift; path = MainScreenCellStyle.swift; sourceTree = "<group>"; };
/* End PBXFileReference section */

/* Begin PBXFrameworksBuildPhase section */
		6C8F9BEB28759D3F0056AC98 /* Frameworks */ = {
			isa = PBXFrameworksBuildPhase;
			buildActionMask = 2147483647;
			files = (
			);
			runOnlyForDeploymentPostprocessing = 0;
		};
/* End PBXFrameworksBuildPhase section */

/* Begin PBXGroup section */
		6C8F9BE528759D3F0056AC98 = {
			isa = PBXGroup;
			children = (
				6C8F9BF028759D3F0056AC98 /* Numbers */,
				6C8F9BEF28759D3F0056AC98 /* Products */,
			);
			sourceTree = "<group>";
		};
		6C8F9BEF28759D3F0056AC98 /* Products */ = {
			isa = PBXGroup;
			children = (
				6C8F9BEE28759D3F0056AC98 /* Numbers.app */,
			);
			name = Products;
			sourceTree = "<group>";
		};
		6C8F9BF028759D3F0056AC98 /* Numbers */ = {
			isa = PBXGroup;
			children = (
				6C8F9C202875F82F0056AC98 /* Navigation */,
				6C8F9C0628759E790056AC98 /* Modules */,
				6C8F9C0528759E6C0056AC98 /* System */,
			);
			path = Numbers;
			sourceTree = "<group>";
		};
		6C8F9C0528759E6C0056AC98 /* System */ = {
			isa = PBXGroup;
			children = (
				6C8F9BFF28759D410056AC98 /* Info.plist */,
				6C8F9BF128759D3F0056AC98 /* AppDelegate.swift */,
				6C8F9BF328759D3F0056AC98 /* SceneDelegate.swift */,
				6C8F9BFA28759D410056AC98 /* Assets.xcassets */,
				6C8F9BFC28759D410056AC98 /* LaunchScreen.storyboard */,
			);
			path = System;
			sourceTree = "<group>";
		};
		6C8F9C0628759E790056AC98 /* Modules */ = {
			isa = PBXGroup;
			children = (
				6C8F9C212875F8410056AC98 /* MainScreenModule */,
			);
			path = Modules;
			sourceTree = "<group>";
		};
		6C8F9C202875F82F0056AC98 /* Navigation */ = {
			isa = PBXGroup;
			children = (
				6C8F9C372875F93B0056AC98 /* MainScreen */,
				6C8F9C322875F92D0056AC98 /* RootCoordinator.swift */,
				6C8F9C332875F92D0056AC98 /* Coordinator.swift */,
			);
			path = Navigation;
			sourceTree = "<group>";
		};
		6C8F9C212875F8410056AC98 /* MainScreenModule */ = {
			isa = PBXGroup;
			children = (
				6C8F9C3A2875FD1B0056AC98 /* Models */,
				6C8F9C302875F8FB0056AC98 /* View */,
				6C8F9C2F2875F8F40056AC98 /* Presenter */,
				6C8F9C2E2875F8EE0056AC98 /* Interactor */,
				6C8F9C2D2875F8E60056AC98 /* Factory */,
				6C8F9C2C2875F8E00056AC98 /* Assembly */,
			);
			path = MainScreenModule;
			sourceTree = "<group>";
		};
		6C8F9C2C2875F8E00056AC98 /* Assembly */ = {
			isa = PBXGroup;
			children = (
				6C8F9C242875F87E0056AC98 /* MainScreenAssembly.swift */,
			);
			path = Assembly;
			sourceTree = "<group>";
		};
		6C8F9C2D2875F8E60056AC98 /* Factory */ = {
			isa = PBXGroup;
			children = (
				6C8F9C222875F87E0056AC98 /* MainScreenFactory.swift */,
			);
			path = Factory;
			sourceTree = "<group>";
		};
		6C8F9C2E2875F8EE0056AC98 /* Interactor */ = {
			isa = PBXGroup;
			children = (
				6C8F9C252875F87E0056AC98 /* MainScreenInteractor.swift */,
			);
			path = Interactor;
			sourceTree = "<group>";
		};
		6C8F9C2F2875F8F40056AC98 /* Presenter */ = {
			isa = PBXGroup;
			children = (
				6C8F9C232875F87E0056AC98 /* MainScreenViewController.swift */,
			);
			path = Presenter;
			sourceTree = "<group>";
		};
		6C8F9C302875F8FB0056AC98 /* View */ = {
			isa = PBXGroup;
			children = (
				6C8F9C262875F87E0056AC98 /* MainScreenView.swift */,
				6C8F9C382875FA380056AC98 /* MainScreenCollectionViewCell.swift */,
			);
			path = View;
			sourceTree = "<group>";
		};
		6C8F9C372875F93B0056AC98 /* MainScreen */ = {
			isa = PBXGroup;
			children = (
				6C8F9C312875F92D0056AC98 /* MainScreenCoordinator.swift */,
			);
			path = MainScreen;
			sourceTree = "<group>";
		};
		6C8F9C3A2875FD1B0056AC98 /* Models */ = {
			isa = PBXGroup;
			children = (
				6C8F9C3B2875FD380056AC98 /* MainScreenCellModel.swift */,
				6C8F9C3D2875FD810056AC98 /* MainScreenCellStyle.swift */,
			);
			path = Models;
			sourceTree = "<group>";
		};
/* End PBXGroup section */

/* Begin PBXNativeTarget section */
		6C8F9BED28759D3F0056AC98 /* Numbers */ = {
			isa = PBXNativeTarget;
			buildConfigurationList = 6C8F9C0228759D410056AC98 /* Build configuration list for PBXNativeTarget "Numbers" */;
			buildPhases = (
				6C8F9BEA28759D3F0056AC98 /* Sources */,
				6C8F9BEB28759D3F0056AC98 /* Frameworks */,
				6C8F9BEC28759D3F0056AC98 /* Resources */,
			);
			buildRules = (
			);
			dependencies = (
			);
			name = Numbers;
			productName = Numbers;
			productReference = 6C8F9BEE28759D3F0056AC98 /* Numbers.app */;
			productType = "com.apple.product-type.application";
		};
/* End PBXNativeTarget section */

/* Begin PBXProject section */
		6C8F9BE628759D3F0056AC98 /* Project object */ = {
			isa = PBXProject;
			attributes = {
				BuildIndependentTargetsInParallel = 1;
				LastSwiftUpdateCheck = 1340;
				LastUpgradeCheck = 1340;
				TargetAttributes = {
					6C8F9BED28759D3F0056AC98 = {
						CreatedOnToolsVersion = 13.4.1;
					};
				};
			};
			buildConfigurationList = 6C8F9BE928759D3F0056AC98 /* Build configuration list for PBXProject "Numbers" */;
			compatibilityVersion = "Xcode 13.0";
			developmentRegion = en;
			hasScannedForEncodings = 0;
			knownRegions = (
				en,
				Base,
			);
			mainGroup = 6C8F9BE528759D3F0056AC98;
			productRefGroup = 6C8F9BEF28759D3F0056AC98 /* Products */;
			projectDirPath = "";
			projectRoot = "";
			targets = (
				6C8F9BED28759D3F0056AC98 /* Numbers */,
			);
		};
/* End PBXProject section */

/* Begin PBXResourcesBuildPhase section */
		6C8F9BEC28759D3F0056AC98 /* Resources */ = {
			isa = PBXResourcesBuildPhase;
			buildActionMask = 2147483647;
			files = (
				6C8F9BFE28759D410056AC98 /* LaunchScreen.storyboard in Resources */,
				6C8F9BFB28759D410056AC98 /* Assets.xcassets in Resources */,
			);
			runOnlyForDeploymentPostprocessing = 0;
		};
/* End PBXResourcesBuildPhase section */

/* Begin PBXSourcesBuildPhase section */
		6C8F9BEA28759D3F0056AC98 /* Sources */ = {
			isa = PBXSourcesBuildPhase;
			buildActionMask = 2147483647;
			files = (
				6C8F9C272875F87E0056AC98 /* MainScreenFactory.swift in Sources */,
				6C8F9C392875FA380056AC98 /* MainScreenCollectionViewCell.swift in Sources */,
				6C8F9C3C2875FD380056AC98 /* MainScreenCellModel.swift in Sources */,
				6C8F9C3E2875FD810056AC98 /* MainScreenCellStyle.swift in Sources */,
				6C8F9C292875F87E0056AC98 /* MainScreenAssembly.swift in Sources */,
				6C8F9C362875F92D0056AC98 /* Coordinator.swift in Sources */,
				6C8F9C2B2875F87E0056AC98 /* MainScreenView.swift in Sources */,
				6C8F9C282875F87E0056AC98 /* MainScreenViewController.swift in Sources */,
				6C8F9BF228759D3F0056AC98 /* AppDelegate.swift in Sources */,
				6C8F9BF428759D3F0056AC98 /* SceneDelegate.swift in Sources */,
				6C8F9C2A2875F87E0056AC98 /* MainScreenInteractor.swift in Sources */,
				6C8F9C352875F92D0056AC98 /* RootCoordinator.swift in Sources */,
				6C8F9C342875F92D0056AC98 /* MainScreenCoordinator.swift in Sources */,
			);
			runOnlyForDeploymentPostprocessing = 0;
		};
/* End PBXSourcesBuildPhase section */

/* Begin PBXVariantGroup section */
		6C8F9BFC28759D410056AC98 /* LaunchScreen.storyboard */ = {
			isa = PBXVariantGroup;
			children = (
				6C8F9BFD28759D410056AC98 /* Base */,
			);
			name = LaunchScreen.storyboard;
			sourceTree = "<group>";
		};
/* End PBXVariantGroup section */

/* Begin XCBuildConfiguration section */
		6C8F9C0028759D410056AC98 /* Debug */ = {
			isa = XCBuildConfiguration;
			buildSettings = {
				ALWAYS_SEARCH_USER_PATHS = NO;
				CLANG_ANALYZER_NONNULL = YES;
				CLANG_ANALYZER_NUMBER_OBJECT_CONVERSION = YES_AGGRESSIVE;
				CLANG_CXX_LANGUAGE_STANDARD = "gnu++17";
				CLANG_ENABLE_MODULES = YES;
				CLANG_ENABLE_OBJC_ARC = YES;
				CLANG_ENABLE_OBJC_WEAK = YES;
				CLANG_WARN_BLOCK_CAPTURE_AUTORELEASING = YES;
				CLANG_WARN_BOOL_CONVERSION = YES;
				CLANG_WARN_COMMA = YES;
				CLANG_WARN_CONSTANT_CONVERSION = YES;
				CLANG_WARN_DEPRECATED_OBJC_IMPLEMENTATIONS = YES;
				CLANG_WARN_DIRECT_OBJC_ISA_USAGE = YES_ERROR;
				CLANG_WARN_DOCUMENTATION_COMMENTS = YES;
				CLANG_WARN_EMPTY_BODY = YES;
				CLANG_WARN_ENUM_CONVERSION = YES;
				CLANG_WARN_INFINITE_RECURSION = YES;
				CLANG_WARN_INT_CONVERSION = YES;
				CLANG_WARN_NON_LITERAL_NULL_CONVERSION = YES;
				CLANG_WARN_OBJC_IMPLICIT_RETAIN_SELF = YES;
				CLANG_WARN_OBJC_LITERAL_CONVERSION = YES;
				CLANG_WARN_OBJC_ROOT_CLASS = YES_ERROR;
				CLANG_WARN_QUOTED_INCLUDE_IN_FRAMEWORK_HEADER = YES;
				CLANG_WARN_RANGE_LOOP_ANALYSIS = YES;
				CLANG_WARN_STRICT_PROTOTYPES = YES;
				CLANG_WARN_SUSPICIOUS_MOVE = YES;
				CLANG_WARN_UNGUARDED_AVAILABILITY = YES_AGGRESSIVE;
				CLANG_WARN_UNREACHABLE_CODE = YES;
				CLANG_WARN__DUPLICATE_METHOD_MATCH = YES;
				COPY_PHASE_STRIP = NO;
				DEBUG_INFORMATION_FORMAT = dwarf;
				ENABLE_STRICT_OBJC_MSGSEND = YES;
				ENABLE_TESTABILITY = YES;
				GCC_C_LANGUAGE_STANDARD = gnu11;
				GCC_DYNAMIC_NO_PIC = NO;
				GCC_NO_COMMON_BLOCKS = YES;
				GCC_OPTIMIZATION_LEVEL = 0;
				GCC_PREPROCESSOR_DEFINITIONS = (
					"DEBUG=1",
					"$(inherited)",
				);
				GCC_WARN_64_TO_32_BIT_CONVERSION = YES;
				GCC_WARN_ABOUT_RETURN_TYPE = YES_ERROR;
				GCC_WARN_UNDECLARED_SELECTOR = YES;
				GCC_WARN_UNINITIALIZED_AUTOS = YES_AGGRESSIVE;
				GCC_WARN_UNUSED_FUNCTION = YES;
				GCC_WARN_UNUSED_VARIABLE = YES;
				IPHONEOS_DEPLOYMENT_TARGET = 13.0;
				MTL_ENABLE_DEBUG_INFO = INCLUDE_SOURCE;
				MTL_FAST_MATH = YES;
				ONLY_ACTIVE_ARCH = YES;
				SDKROOT = iphoneos;
				SWIFT_ACTIVE_COMPILATION_CONDITIONS = DEBUG;
				SWIFT_OPTIMIZATION_LEVEL = "-Onone";
			};
			name = Debug;
		};
		6C8F9C0128759D410056AC98 /* Release */ = {
			isa = XCBuildConfiguration;
			buildSettings = {
				ALWAYS_SEARCH_USER_PATHS = NO;
				CLANG_ANALYZER_NONNULL = YES;
				CLANG_ANALYZER_NUMBER_OBJECT_CONVERSION = YES_AGGRESSIVE;
				CLANG_CXX_LANGUAGE_STANDARD = "gnu++17";
				CLANG_ENABLE_MODULES = YES;
				CLANG_ENABLE_OBJC_ARC = YES;
				CLANG_ENABLE_OBJC_WEAK = YES;
				CLANG_WARN_BLOCK_CAPTURE_AUTORELEASING = YES;
				CLANG_WARN_BOOL_CONVERSION = YES;
				CLANG_WARN_COMMA = YES;
				CLANG_WARN_CONSTANT_CONVERSION = YES;
				CLANG_WARN_DEPRECATED_OBJC_IMPLEMENTATIONS = YES;
				CLANG_WARN_DIRECT_OBJC_ISA_USAGE = YES_ERROR;
				CLANG_WARN_DOCUMENTATION_COMMENTS = YES;
				CLANG_WARN_EMPTY_BODY = YES;
				CLANG_WARN_ENUM_CONVERSION = YES;
				CLANG_WARN_INFINITE_RECURSION = YES;
				CLANG_WARN_INT_CONVERSION = YES;
				CLANG_WARN_NON_LITERAL_NULL_CONVERSION = YES;
				CLANG_WARN_OBJC_IMPLICIT_RETAIN_SELF = YES;
				CLANG_WARN_OBJC_LITERAL_CONVERSION = YES;
				CLANG_WARN_OBJC_ROOT_CLASS = YES_ERROR;
				CLANG_WARN_QUOTED_INCLUDE_IN_FRAMEWORK_HEADER = YES;
				CLANG_WARN_RANGE_LOOP_ANALYSIS = YES;
				CLANG_WARN_STRICT_PROTOTYPES = YES;
				CLANG_WARN_SUSPICIOUS_MOVE = YES;
				CLANG_WARN_UNGUARDED_AVAILABILITY = YES_AGGRESSIVE;
				CLANG_WARN_UNREACHABLE_CODE = YES;
				CLANG_WARN__DUPLICATE_METHOD_MATCH = YES;
				COPY_PHASE_STRIP = NO;
				DEBUG_INFORMATION_FORMAT = "dwarf-with-dsym";
				ENABLE_NS_ASSERTIONS = NO;
				ENABLE_STRICT_OBJC_MSGSEND = YES;
				GCC_C_LANGUAGE_STANDARD = gnu11;
				GCC_NO_COMMON_BLOCKS = YES;
				GCC_WARN_64_TO_32_BIT_CONVERSION = YES;
				GCC_WARN_ABOUT_RETURN_TYPE = YES_ERROR;
				GCC_WARN_UNDECLARED_SELECTOR = YES;
				GCC_WARN_UNINITIALIZED_AUTOS = YES_AGGRESSIVE;
				GCC_WARN_UNUSED_FUNCTION = YES;
				GCC_WARN_UNUSED_VARIABLE = YES;
				IPHONEOS_DEPLOYMENT_TARGET = 13.0;
				MTL_ENABLE_DEBUG_INFO = NO;
				MTL_FAST_MATH = YES;
				SDKROOT = iphoneos;
				SWIFT_COMPILATION_MODE = wholemodule;
				SWIFT_OPTIMIZATION_LEVEL = "-O";
				VALIDATE_PRODUCT = YES;
			};
			name = Release;
		};
		6C8F9C0328759D410056AC98 /* Debug */ = {
			isa = XCBuildConfiguration;
			buildSettings = {
				ASSETCATALOG_COMPILER_APPICON_NAME = AppIcon;
				ASSETCATALOG_COMPILER_GLOBAL_ACCENT_COLOR_NAME = AccentColor;
				CODE_SIGN_STYLE = Automatic;
				CURRENT_PROJECT_VERSION = 1;
				DEVELOPMENT_TEAM = 34VDSPZYU9;
				GENERATE_INFOPLIST_FILE = YES;
				INFOPLIST_FILE = Numbers/System/Info.plist;
				INFOPLIST_KEY_UIApplicationSupportsIndirectInputEvents = YES;
				INFOPLIST_KEY_UILaunchStoryboardName = LaunchScreen;
				INFOPLIST_KEY_UISupportedInterfaceOrientations_iPad = "UIInterfaceOrientationPortrait UIInterfaceOrientationPortraitUpsideDown UIInterfaceOrientationLandscapeLeft UIInterfaceOrientationLandscapeRight";
				INFOPLIST_KEY_UISupportedInterfaceOrientations_iPhone = "UIInterfaceOrientationPortrait UIInterfaceOrientationLandscapeLeft UIInterfaceOrientationLandscapeRight";
				IPHONEOS_DEPLOYMENT_TARGET = 13.0;
				LD_RUNPATH_SEARCH_PATHS = (
					"$(inherited)",
					"@executable_path/Frameworks",
				);
				MARKETING_VERSION = 1.0.0;
				PRODUCT_BUNDLE_IDENTIFIER = com.sosinatatyana.Numbers;
				PRODUCT_NAME = "$(TARGET_NAME)";
				SWIFT_EMIT_LOC_STRINGS = YES;
				SWIFT_VERSION = 5.0;
				TARGETED_DEVICE_FAMILY = 1;
			};
			name = Debug;
		};
		6C8F9C0428759D410056AC98 /* Release */ = {
			isa = XCBuildConfiguration;
			buildSettings = {
				ASSETCATALOG_COMPILER_APPICON_NAME = AppIcon;
				ASSETCATALOG_COMPILER_GLOBAL_ACCENT_COLOR_NAME = AccentColor;
				CODE_SIGN_STYLE = Automatic;
				CURRENT_PROJECT_VERSION = 1;
				DEVELOPMENT_TEAM = 34VDSPZYU9;
				GENERATE_INFOPLIST_FILE = YES;
				INFOPLIST_FILE = Numbers/System/Info.plist;
				INFOPLIST_KEY_UIApplicationSupportsIndirectInputEvents = YES;
				INFOPLIST_KEY_UILaunchStoryboardName = LaunchScreen;
				INFOPLIST_KEY_UISupportedInterfaceOrientations_iPad = "UIInterfaceOrientationPortrait UIInterfaceOrientationPortraitUpsideDown UIInterfaceOrientationLandscapeLeft UIInterfaceOrientationLandscapeRight";
				INFOPLIST_KEY_UISupportedInterfaceOrientations_iPhone = "UIInterfaceOrientationPortrait UIInterfaceOrientationLandscapeLeft UIInterfaceOrientationLandscapeRight";
				IPHONEOS_DEPLOYMENT_TARGET = 13.0;
				LD_RUNPATH_SEARCH_PATHS = (
					"$(inherited)",
					"@executable_path/Frameworks",
				);
				MARKETING_VERSION = 1.0.0;
				PRODUCT_BUNDLE_IDENTIFIER = com.sosinatatyana.Numbers;
				PRODUCT_NAME = "$(TARGET_NAME)";
				SWIFT_EMIT_LOC_STRINGS = YES;
				SWIFT_VERSION = 5.0;
				TARGETED_DEVICE_FAMILY = 1;
			};
			name = Release;
		};
/* End XCBuildConfiguration section */

/* Begin XCConfigurationList section */
		6C8F9BE928759D3F0056AC98 /* Build configuration list for PBXProject "Numbers" */ = {
			isa = XCConfigurationList;
			buildConfigurations = (
				6C8F9C0028759D410056AC98 /* Debug */,
				6C8F9C0128759D410056AC98 /* Release */,
			);
			defaultConfigurationIsVisible = 0;
			defaultConfigurationName = Release;
		};
		6C8F9C0228759D410056AC98 /* Build configuration list for PBXNativeTarget "Numbers" */ = {
			isa = XCConfigurationList;
			buildConfigurations = (
				6C8F9C0328759D410056AC98 /* Debug */,
				6C8F9C0428759D410056AC98 /* Release */,
			);
			defaultConfigurationIsVisible = 0;
			defaultConfigurationName = Release;
		};
/* End XCConfigurationList section */
	};
	rootObject = 6C8F9BE628759D3F0056AC98 /* Project object */;
}
